// !$*UTF8*$!
{ archiveVersion = 1; classes = {}; objectVersion = 60; objects = {
6AFB77BDD11D1295B20A5C4C /* file:MacSoul/App/MacSoulApp.swift */ = { isa = PBXFileReference; lastKnownFileType = sourcecode.swift; path = "MacSoul/App/MacSoulApp.swift"; sourceTree = SOURCE_ROOT; };
00282785C33B70948140B448 /* build:MacSoul/App/MacSoulApp.swift */ = { isa = PBXBuildFile; fileRef = 6AFB77BDD11D1295B20A5C4C; };
D8B762B76049F98E09249878 /* file:MacSoul/Components/CardContainer.swift */ = { isa = PBXFileReference; lastKnownFileType = sourcecode.swift; path = "MacSoul/Components/CardContainer.swift"; sourceTree = SOURCE_ROOT; };
DAB8DCCED68B6725DA659A7C /* build:MacSoul/Components/CardContainer.swift */ = { isa = PBXBuildFile; fileRef = D8B762B76049F98E09249878; };
B5F299E172CDEA2F387550C5 /* file:MacSoul/Components/MetricTile.swift */ = { isa = PBXFileReference; lastKnownFileType = sourcecode.swift; path = "MacSoul/Components/MetricTile.swift"; sourceTree = SOURCE_ROOT; };
C597788F431E31B7409FA417 /* build:MacSoul/Components/MetricTile.swift */ = { isa = PBXBuildFile; fileRef = B5F299E172CDEA2F387550C5; };
971C5698BB030EA303EB7D9B /* file:MacSoul/Components/QuotaRow.swift */ = { isa = PBXFileReference; lastKnownFileType = sourcecode.swift; path = "MacSoul/Components/QuotaRow.swift"; sourceTree = SOURCE_ROOT; };
8A18F931BA67020D658CD854 /* build:MacSoul/Components/QuotaRow.swift */ = { isa = PBXBuildFile; fileRef = 971C5698BB030EA303EB7D9B; };
0C59DE31E9D1051306B9A4D6 /* file:MacSoul/MenuBar/MenuBarContentView.swift */ = { isa = PBXFileReference; lastKnownFileType = sourcecode.swift; path = "MacSoul/MenuBar/MenuBarContentView.swift"; sourceTree = SOURCE_ROOT; };
6A9C21A0B3171C96A3175285 /* build:MacSoul/MenuBar/MenuBarContentView.swift */ = { isa = PBXBuildFile; fileRef = 0C59DE31E9D1051306B9A4D6; };
949D51A47C3927EC157D6C83 /* file:MacSoul/Models/MacSoulModels.swift */ = { isa = PBXFileReference; lastKnownFileType = sourcecode.swift; path = "MacSoul/Models/MacSoulModels.swift"; sourceTree = SOURCE_ROOT; };
0D79D4A41005C896C97736C8 /* build:MacSoul/Models/MacSoulModels.swift */ = { isa = PBXBuildFile; fileRef = 949D51A47C3927EC157D6C83; };
60EBD5B2B11BAC59DAB06BD2 /* file:MacSoul/Models/MockStore.swift */ = { isa = PBXFileReference; lastKnownFileType = sourcecode.swift; path = "MacSoul/Models/MockStore.swift"; sourceTree = SOURCE_ROOT; };
04FAC6AD7D514CBA1834948A /* build:MacSoul/Models/MockStore.swift */ = { isa = PBXBuildFile; fileRef = 60EBD5B2B11BAC59DAB06BD2; };
B5CB9D6D354A229F5BEC5E74 /* file:MacSoul/Theme/MacSoulTheme.swift */ = { isa = PBXFileReference; lastKnownFileType = sourcecode.swift; path = "MacSoul/Theme/MacSoulTheme.swift"; sourceTree = SOURCE_ROOT; };
70F8F6595721CD1990944D65 /* build:MacSoul/Theme/MacSoulTheme.swift */ = { isa = PBXBuildFile; fileRef = B5CB9D6D354A229F5BEC5E74; };
32FD3EDF4AACCDCA4768D2BF /* file:MacSoul/Views/AI/AICodingView.swift */ = { isa = PBXFileReference; lastKnownFileType = sourcecode.swift; path = "MacSoul/Views/AI/AICodingView.swift"; sourceTree = SOURCE_ROOT; };
4D9044D86186A5EE32B3EE6E /* build:MacSoul/Views/AI/AICodingView.swift */ = { isa = PBXBuildFile; fileRef = 32FD3EDF4AACCDCA4768D2BF; };
A339E3B872EE4EFC41385E87 /* file:MacSoul/Views/AppShellView.swift */ = { isa = PBXFileReference; lastKnownFileType = sourcecode.swift; path = "MacSoul/Views/AppShellView.swift"; sourceTree = SOURCE_ROOT; };
F630B43CB41C025F6B09EDFC /* build:MacSoul/Views/AppShellView.swift */ = { isa = PBXBuildFile; fileRef = A339E3B872EE4EFC41385E87; };
6EDDED06A60114C1955D0517 /* file:MacSoul/Views/Cleaner/CleanerView.swift */ = { isa = PBXFileReference; lastKnownFileType = sourcecode.swift; path = "MacSoul/Views/Cleaner/CleanerView.swift"; sourceTree = SOURCE_ROOT; };
95B41AB6AC49D815EFA0B57C /* build:MacSoul/Views/Cleaner/CleanerView.swift */ = { isa = PBXBuildFile; fileRef = 6EDDED06A60114C1955D0517; };
D31597EAB74A2646D54F925B /* file:MacSoul/Views/Dev/DevView.swift */ = { isa = PBXFileReference; lastKnownFileType = sourcecode.swift; path = "MacSoul/Views/Dev/DevView.swift"; sourceTree = SOURCE_ROOT; };
1197E177B779660796D33E9B /* build:MacSoul/Views/Dev/DevView.swift */ = { isa = PBXBuildFile; fileRef = D31597EAB74A2646D54F925B; };
20390DB6A2F3727B458AEEB5 /* file:MacSoul/Views/Network/NetworkView.swift */ = { isa = PBXFileReference; lastKnownFileType = sourcecode.swift; path = "MacSoul/Views/Network/NetworkView.swift"; sourceTree = SOURCE_ROOT; };
0E17090354A4D3C5DD09872B /* build:MacSoul/Views/Network/NetworkView.swift */ = { isa = PBXBuildFile; fileRef = 20390DB6A2F3727B458AEEB5; };
571908BD76E6C713D4E54B95 /* file:MacSoul/Views/Overview/OverviewView.swift */ = { isa = PBXFileReference; lastKnownFileType = sourcecode.swift; path = "MacSoul/Views/Overview/OverviewView.swift"; sourceTree = SOURCE_ROOT; };
804A73586CE74A88814767A6 /* build:MacSoul/Views/Overview/OverviewView.swift */ = { isa = PBXBuildFile; fileRef = 571908BD76E6C713D4E54B95; };
A7DF87611DC79ADC2BF41604 /* file:MacSoul/Views/Settings/SettingsView.swift */ = { isa = PBXFileReference; lastKnownFileType = sourcecode.swift; path = "MacSoul/Views/Settings/SettingsView.swift"; sourceTree = SOURCE_ROOT; };
CB9D72833AE096F665578090 /* build:MacSoul/Views/Settings/SettingsView.swift */ = { isa = PBXBuildFile; fileRef = A7DF87611DC79ADC2BF41604; };
3763AED947FCEC8677A2037F /* file:MacSoul/Views/System/SystemView.swift */ = { isa = PBXFileReference; lastKnownFileType = sourcecode.swift; path = "MacSoul/Views/System/SystemView.swift"; sourceTree = SOURCE_ROOT; };
7C6FF18CB223CBE47348D1EB /* build:MacSoul/Views/System/SystemView.swift */ = { isa = PBXBuildFile; fileRef = 3763AED947FCEC8677A2037F; };
F6A18C05B5EB5268355DC4F4 /* file:MacSoulTests/QuotaTests.swift */ = { isa = PBXFileReference; lastKnownFileType = sourcecode.swift; path = "MacSoulTests/QuotaTests.swift"; sourceTree = SOURCE_ROOT; };
1550D6EEE5888021F897BB88 /* build:MacSoulTests/QuotaTests.swift */ = { isa = PBXBuildFile; fileRef = F6A18C05B5EB5268355DC4F4; };
8DD9B067816361B488360952 /* file:MacSoul/Resources/MacSoulBrand.xcassets */ = { isa = PBXFileReference; lastKnownFileType = folder.assetcatalog; path = "MacSoul/Resources/MacSoulBrand.xcassets"; sourceTree = SOURCE_ROOT; };
42C2C017E4A15A4BAE377DEA /* build:MacSoul/Resources/MacSoulBrand.xcassets */ = { isa = PBXBuildFile; fileRef = 8DD9B067816361B488360952; };
77C9E6D85A8F4C90A51E3B21 /* file:MacSoul/Resources/MacSoulCleaner.xcassets */ = { isa = PBXFileReference; lastKnownFileType = folder.assetcatalog; path = "MacSoul/Resources/MacSoulCleaner.xcassets"; sourceTree = SOURCE_ROOT; };
89B3D5C0E2F7410F9A78D6B4 /* build:MacSoul/Resources/MacSoulCleaner.xcassets */ = { isa = PBXBuildFile; fileRef = 77C9E6D85A8F4C90A51E3B21; };
5E7F3C1B9D2A4E6F8B0C1D93 /* file:MacSoul/Resources/ThirdPartyNotices.txt */ = { isa = PBXFileReference; lastKnownFileType = text; path = "MacSoul/Resources/ThirdPartyNotices.txt"; sourceTree = SOURCE_ROOT; };
C4A8D6E2B7F9410C8D3E5A29 /* build:MacSoul/Resources/ThirdPartyNotices.txt */ = { isa = PBXBuildFile; fileRef = 5E7F3C1B9D2A4E6F8B0C1D93; };
F8FFF9936B40F899999F3482 /* group:MacSoul */ = { isa = PBXGroup; children = (6AFB77BDD11D1295B20A5C4C, D8B762B76049F98E09249878, B5F299E172CDEA2F387550C5, 971C5698BB030EA303EB7D9B, 0C59DE31E9D1051306B9A4D6, 949D51A47C3927EC157D6C83, 60EBD5B2B11BAC59DAB06BD2, B5CB9D6D354A229F5BEC5E74, 32FD3EDF4AACCDCA4768D2BF, A339E3B872EE4EFC41385E87, 6EDDED06A60114C1955D0517, D31597EAB74A2646D54F925B, 20390DB6A2F3727B458AEEB5, 571908BD76E6C713D4E54B95, A7DF87611DC79ADC2BF41604, 3763AED947FCEC8677A2037F, 8DD9B067816361B488360952, 77C9E6D85A8F4C90A51E3B21, 5E7F3C1B9D2A4E6F8B0C1D93,); path = MacSoul; sourceTree = "<group>"; };
1C2FA1136E68CAD0CBAEF87F /* group:MacSoulTests */ = { isa = PBXGroup; children = (F6A18C05B5EB5268355DC4F4,); path = MacSoulTests; sourceTree = "<group>"; };
DF891E785808226D241F246E /* group:root */ = { isa = PBXGroup; children = (F8FFF9936B40F899999F3482, 1C2FA1136E68CAD0CBAEF87F, B6CDB6E5D160E013280D3C68, E02A90D9643568EA39115CFB,); sourceTree = "<group>"; };
B6CDB6E5D160E013280D3C68 /* product:app */ = { isa = PBXFileReference; explicitFileType = wrapper.application; path = MacSoul.app; sourceTree = BUILT_PRODUCTS_DIR; };
E02A90D9643568EA39115CFB /* product:tests */ = { isa = PBXFileReference; explicitFileType = wrapper.cfbundle; path = MacSoulTests.xctest; sourceTree = BUILT_PRODUCTS_DIR; };
E28FAD8F60ECDED9B4AD087A /* phase:app:resources */ = { isa = PBXResourcesBuildPhase; buildActionMask = 2147483647; files = (42C2C017E4A15A4BAE377DEA, 89B3D5C0E2F7410F9A78D6B4, C4A8D6E2B7F9410C8D3E5A29,); runOnlyForDeploymentPostprocessing = 0; };
3F6CFF29472964743DE82660 /* phase:app */ = { isa = PBXSourcesBuildPhase; buildActionMask = 2147483647; files = (00282785C33B70948140B448, DAB8DCCED68B6725DA659A7C, C597788F431E31B7409FA417, 8A18F931BA67020D658CD854, 6A9C21A0B3171C96A3175285, 0D79D4A41005C896C97736C8, 04FAC6AD7D514CBA1834948A, 70F8F6595721CD1990944D65, 4D9044D86186A5EE32B3EE6E, F630B43CB41C025F6B09EDFC, 95B41AB6AC49D815EFA0B57C, 1197E177B779660796D33E9B, 0E17090354A4D3C5DD09872B, 804A73586CE74A88814767A6, CB9D72833AE096F665578090, 7C6FF18CB223CBE47348D1EB,); runOnlyForDeploymentPostprocessing = 0; };
54B7D7E629816684B596900C /* phase:tests */ = { isa = PBXSourcesBuildPhase; buildActionMask = 2147483647; files = (1550D6EEE5888021F897BB88,); runOnlyForDeploymentPostprocessing = 0; };
D36D33020B6BB89396BD1B34 /* proxy:app */ = { isa = PBXContainerItemProxy; containerPortal = 98F54143AB4E86B28C3AFEE0; proxyType = 1; remoteGlobalIDString = 29C7B681C8D62CBAC94D51C0; remoteInfo = MacSoul; };
D2F9C6ACC3CFD758A2AF1D96 /* dependency:app */ = { isa = PBXTargetDependency; target = 29C7B681C8D62CBAC94D51C0; targetProxy = D36D33020B6BB89396BD1B34; };
29C7B681C8D62CBAC94D51C0 /* target:app */ = { isa = PBXNativeTarget; buildConfigurationList = 9EA62D25DFD1EFBA21F6DE7B; buildPhases = (3F6CFF29472964743DE82660, E28FAD8F60ECDED9B4AD087A,); buildRules = (); dependencies = (); name = MacSoul; productName = MacSoul; productReference = B6CDB6E5D160E013280D3C68; productType = "com.apple.product-type.application"; };
7EC8F98B7A265120217712DE /* target:tests */ = { isa = PBXNativeTarget; buildConfigurationList = 0AD37307DFDAE852A779B369; buildPhases = (54B7D7E629816684B596900C,); buildRules = (); dependencies = (D2F9C6ACC3CFD758A2AF1D96,); name = MacSoulTests; productName = MacSoulTests; productReference = E02A90D9643568EA39115CFB; productType = "com.apple.product-type.bundle.unit-test"; };
3CF6A4F2E05B3AAE7E2CBFEE /* config:app:Debug */ = { isa = XCBuildConfiguration; buildSettings = { MACOSX_DEPLOYMENT_TARGET = 13.0; SWIFT_VERSION = 5.0; SDKROOT = macosx; CODE_SIGNING_ALLOWED = NO; GENERATE_INFOPLIST_FILE = YES; PRODUCT_BUNDLE_IDENTIFIER = local.macsoul.app; INFOPLIST_KEY_LSApplicationCategoryType = "public.app-category.developer-tools"; ASSETCATALOG_COMPILER_APPICON_NAME = MacSoulAppIcon; SWIFT_ACTIVE_COMPILATION_CONDITIONS = DEBUG; PRODUCT_NAME = "$(TARGET_NAME)"; ENABLE_TESTABILITY = YES; SWIFT_OPTIMIZATION_LEVEL = -Onone; }; name = Debug; };
23FB2CAEB38545C3793097DD /* config:app:Release */ = { isa = XCBuildConfiguration; buildSettings = { MACOSX_DEPLOYMENT_TARGET = 13.0; SWIFT_VERSION = 5.0; SDKROOT = macosx; CODE_SIGNING_ALLOWED = NO; GENERATE_INFOPLIST_FILE = YES; PRODUCT_BUNDLE_IDENTIFIER = local.macsoul.app; INFOPLIST_KEY_LSApplicationCategoryType = "public.app-category.developer-tools"; ASSETCATALOG_COMPILER_APPICON_NAME = MacSoulAppIcon;  PRODUCT_NAME = "$(TARGET_NAME)"; ENABLE_TESTABILITY = YES; SWIFT_OPTIMIZATION_LEVEL = -O; }; name = Release; };
9EA62D25DFD1EFBA21F6DE7B /* configs:app */ = { isa = XCConfigurationList; buildConfigurations = (3CF6A4F2E05B3AAE7E2CBFEE, 23FB2CAEB38545C3793097DD,); defaultConfigurationIsVisible = 0; defaultConfigurationName = Debug; };
E2657B9FA91DD4A55652006F /* config:tests:Debug */ = { isa = XCBuildConfiguration; buildSettings = { MACOSX_DEPLOYMENT_TARGET = 13.0; SWIFT_VERSION = 5.0; SDKROOT = macosx; CODE_SIGNING_ALLOWED = NO; GENERATE_INFOPLIST_FILE = YES; PRODUCT_BUNDLE_IDENTIFIER = local.macsoul.tests; TEST_HOST = "$(BUILT_PRODUCTS_DIR)/MacSoul.app/Contents/MacOS/MacSoul"; BUNDLE_LOADER = "$(TEST_HOST)"; SWIFT_ACTIVE_COMPILATION_CONDITIONS = DEBUG; PRODUCT_NAME = "$(TARGET_NAME)"; ENABLE_TESTABILITY = YES; SWIFT_OPTIMIZATION_LEVEL = -Onone; }; name = Debug; };
B4343C19535B18410503AED7 /* config:tests:Release */ = { isa = XCBuildConfiguration; buildSettings = { MACOSX_DEPLOYMENT_TARGET = 13.0; SWIFT_VERSION = 5.0; SDKROOT = macosx; CODE_SIGNING_ALLOWED = NO; GENERATE_INFOPLIST_FILE = YES; PRODUCT_BUNDLE_IDENTIFIER = local.macsoul.tests; TEST_HOST = "$(BUILT_PRODUCTS_DIR)/MacSoul.app/Contents/MacOS/MacSoul"; BUNDLE_LOADER = "$(TEST_HOST)";  PRODUCT_NAME = "$(TARGET_NAME)"; ENABLE_TESTABILITY = YES; SWIFT_OPTIMIZATION_LEVEL = -O; }; name = Release; };
0AD37307DFDAE852A779B369 /* configs:tests */ = { isa = XCConfigurationList; buildConfigurations = (E2657B9FA91DD4A55652006F, B4343C19535B18410503AED7,); defaultConfigurationIsVisible = 0; defaultConfigurationName = Debug; };
877A6BA951A2EA0025A2ABE8 /* config:project:Debug */ = { isa = XCBuildConfiguration; buildSettings = { MACOSX_DEPLOYMENT_TARGET = 13.0; SWIFT_VERSION = 5.0; }; name = Debug; };
959134B361DD7E21ADEA3164 /* config:project:Release */ = { isa = XCBuildConfiguration; buildSettings = { MACOSX_DEPLOYMENT_TARGET = 13.0; SWIFT_VERSION = 5.0; }; name = Release; };
247BF104A9AD002C539DA531 /* configs:project */ = { isa = XCConfigurationList; buildConfigurations = (877A6BA951A2EA0025A2ABE8, 959134B361DD7E21ADEA3164,); defaultConfigurationIsVisible = 0; defaultConfigurationName = Debug; };
98F54143AB4E86B28C3AFEE0 /* project */ = { isa = PBXProject; attributes = { LastUpgradeCheck = 2700; TargetAttributes = { 29C7B681C8D62CBAC94D51C0 = { CreatedOnToolsVersion = 27.0; }; 7EC8F98B7A265120217712DE = { CreatedOnToolsVersion = 27.0; TestTargetID = 29C7B681C8D62CBAC94D51C0; }; }; }; buildConfigurationList = 247BF104A9AD002C539DA531; compatibilityVersion = "Xcode 15.0"; developmentRegion = en; hasScannedForEncodings = 0; knownRegions = (en, Base); mainGroup = DF891E785808226D241F246E; productRefGroup = DF891E785808226D241F246E; projectDirPath = ""; projectRoot = ""; targets = (29C7B681C8D62CBAC94D51C0, 7EC8F98B7A265120217712DE,); };
}; rootObject = 98F54143AB4E86B28C3AFEE0; }
