// !$*UTF8*$!
{ archiveVersion = 1; classes = {}; objectVersion = 60; objects = {
6AFB77BDD11D1295B20A5C4C /* file:MacSoul/App/MacSoulApp.swift */ = { isa = PBXFileReference; lastKnownFileType = sourcecode.swift; path = "MacSoul/App/MacSoulApp.swift"; sourceTree = SOURCE_ROOT; };
00282785C33B70948140B448 /* build:MacSoul/App/MacSoulApp.swift */ = { isa = PBXBuildFile; fileRef = 6AFB77BDD11D1295B20A5C4C; };
D8B762B76049F98E09249878 /* file:MacSoul/Components/CardContainer.swift */ = { isa = PBXFileReference; lastKnownFileType = sourcecode.swift; path = "MacSoul/Components/CardContainer.swift"; sourceTree = SOURCE_ROOT; };
DAB8DCCED68B6725DA659A7C /* build:MacSoul/Components/CardContainer.swift */ = { isa = PBXBuildFile; fileRef = D8B762B76049F98E09249878; };
B5F299E172CDEA2F387550C5 /* file:MacSoul/Components/MetricTile.swift */ = { isa = PBXFileReference; lastKnownFileType = sourcecode.swift; path = "MacSoul/Components/MetricTile.swift"; sourceTree = SOURCE_ROOT; };
C597788F431E31B7409FA417 /* build:MacSoul/Components/MetricTile.swift */ = { isa = PBXBuildFile; fileRef = B5F299E172CDEA2F387550C5; };
971C5698BB030EA303EB7D9B /* file:MacSoul/Components/QuotaRow.swift */ = { isa = PBXFileReference; lastKnownFileType = sourcecode.swift; path = "MacSoul/Components/QuotaRow.swift"; sourceTree = SOURCE_ROOT; };
8A18F931BA67020D658CD854 /* build:MacSoul/Components/QuotaRow.swift */ = { isa = PBXBuildFile; fileRef = 971C5698BB030EA303EB7D9B; };
0C59DE31E9D1051306B9A4D6 /* file:MacSoul/MenuBar/MenuBarContentView.swift */ = { isa = PBXFileReference; lastKnownFileType = sourcecode.swift; path = "MacSoul/MenuBar/MenuBarContentView.swift"; sourceTree = SOURCE_ROOT; };
6A9C21A0B3171C96A3175285 /* build:MacSoul/MenuBar/MenuBarContentView.swift */ = { isa = PBXBuildFile; fileRef = 0C59DE31E9D1051306B9A4D6; };
DAA52F53D23EA8B4EF2CCB4E /* file:MacSoul/Models/CleanerDiscovery.swift */ = { isa = PBXFileReference; lastKnownFileType = sourcecode.swift; path = "MacSoul/Models/CleanerDiscovery.swift"; sourceTree = SOURCE_ROOT; };
2AF446E562DAC1E0A7A0B259 /* build:MacSoul/Models/CleanerDiscovery.swift */ = { isa = PBXBuildFile; fileRef = DAA52F53D23EA8B4EF2CCB4E; };
C5B86CD9974A8EB8B1F38CF6 /* file:MacSoul/Models/CleanerPreview.swift */ = { isa = PBXFileReference; lastKnownFileType = sourcecode.swift; path = "MacSoul/Models/CleanerPreview.swift"; sourceTree = SOURCE_ROOT; };
E3EA604D61AF7B3C218DB820 /* build:MacSoul/Models/CleanerPreview.swift */ = { isa = PBXBuildFile; fileRef = C5B86CD9974A8EB8B1F38CF6; };
50E11A9C2C6E68458B389F46 /* file:MacSoul/Models/CleanerScanner.swift */ = { isa = PBXFileReference; lastKnownFileType = sourcecode.swift; path = "MacSoul/Models/CleanerScanner.swift"; sourceTree = SOURCE_ROOT; };
4613F21D0754702F9823D98F /* build:MacSoul/Models/CleanerScanner.swift */ = { isa = PBXBuildFile; fileRef = 50E11A9C2C6E68458B389F46; };
399FDAFD0DFBF41DAE8AA0AC /* file:MacSoul/Models/CleanerSnapshot.swift */ = { isa = PBXFileReference; lastKnownFileType = sourcecode.swift; path = "MacSoul/Models/CleanerSnapshot.swift"; sourceTree = SOURCE_ROOT; };
6B28799454ACEDCB167954D4 /* build:MacSoul/Models/CleanerSnapshot.swift */ = { isa = PBXBuildFile; fileRef = 399FDAFD0DFBF41DAE8AA0AC; };
3CA39E53A273C5CCCE1C0E0A /* file:MacSoul/Models/DevEnvironment.swift */ = { isa = PBXFileReference; lastKnownFileType = sourcecode.swift; path = "MacSoul/Models/DevEnvironment.swift"; sourceTree = SOURCE_ROOT; };
A97AD6DAC4471A6D5CAB82B4 /* build:MacSoul/Models/DevEnvironment.swift */ = { isa = PBXBuildFile; fileRef = 3CA39E53A273C5CCCE1C0E0A; };
C8EDE1509B6AC784669751F3 /* file:MacSoul/Models/DevMonitor.swift */ = { isa = PBXFileReference; lastKnownFileType = sourcecode.swift; path = "MacSoul/Models/DevMonitor.swift"; sourceTree = SOURCE_ROOT; };
6A6B33DF96D54EDF00028241 /* build:MacSoul/Models/DevMonitor.swift */ = { isa = PBXBuildFile; fileRef = C8EDE1509B6AC784669751F3; };
D2E480F17631E9D356EF2FC4 /* file:MacSoul/Models/DockerCleanerAdapter.swift */ = { isa = PBXFileReference; lastKnownFileType = sourcecode.swift; path = "MacSoul/Models/DockerCleanerAdapter.swift"; sourceTree = SOURCE_ROOT; };
F7932C3D97983E6E4E9D240E /* build:MacSoul/Models/DockerCleanerAdapter.swift */ = { isa = PBXBuildFile; fileRef = D2E480F17631E9D356EF2FC4; };
163331A784D83E316B25E098 /* file:MacSoul/Models/ListeningPorts.swift */ = { isa = PBXFileReference; lastKnownFileType = sourcecode.swift; path = "MacSoul/Models/ListeningPorts.swift"; sourceTree = SOURCE_ROOT; };
D340B5741ACDCB920349F8B6 /* build:MacSoul/Models/ListeningPorts.swift */ = { isa = PBXBuildFile; fileRef = 163331A784D83E316B25E098; };
949D51A47C3927EC157D6C83 /* file:MacSoul/Models/MacSoulModels.swift */ = { isa = PBXFileReference; lastKnownFileType = sourcecode.swift; path = "MacSoul/Models/MacSoulModels.swift"; sourceTree = SOURCE_ROOT; };
0D79D4A41005C896C97736C8 /* build:MacSoul/Models/MacSoulModels.swift */ = { isa = PBXBuildFile; fileRef = 949D51A47C3927EC157D6C83; };
6671DF0E9A1367726666EA5D /* file:MacSoul/Models/MavenRepositoryLocator.swift */ = { isa = PBXFileReference; lastKnownFileType = sourcecode.swift; path = "MacSoul/Models/MavenRepositoryLocator.swift"; sourceTree = SOURCE_ROOT; };
27370AE862E0BC887B3FB46D /* build:MacSoul/Models/MavenRepositoryLocator.swift */ = { isa = PBXBuildFile; fileRef = 6671DF0E9A1367726666EA5D; };
60EBD5B2B11BAC59DAB06BD2 /* file:MacSoul/Models/MockStore.swift */ = { isa = PBXFileReference; lastKnownFileType = sourcecode.swift; path = "MacSoul/Models/MockStore.swift"; sourceTree = SOURCE_ROOT; };
04FAC6AD7D514CBA1834948A /* build:MacSoul/Models/MockStore.swift */ = { isa = PBXBuildFile; fileRef = 60EBD5B2B11BAC59DAB06BD2; };
589E233C6E8A5C25E92320B9 /* file:MacSoul/Models/NetworkMonitor.swift */ = { isa = PBXFileReference; lastKnownFileType = sourcecode.swift; path = "MacSoul/Models/NetworkMonitor.swift"; sourceTree = SOURCE_ROOT; };
7752DE76F898CC27324DE07E /* build:MacSoul/Models/NetworkMonitor.swift */ = { isa = PBXBuildFile; fileRef = 589E233C6E8A5C25E92320B9; };
A168173A026A91B94ABE21D1 /* file:MacSoul/Models/NetworkProviders.swift */ = { isa = PBXFileReference; lastKnownFileType = sourcecode.swift; path = "MacSoul/Models/NetworkProviders.swift"; sourceTree = SOURCE_ROOT; };
2065724B768A9FF78599DEB9 /* build:MacSoul/Models/NetworkProviders.swift */ = { isa = PBXBuildFile; fileRef = A168173A026A91B94ABE21D1; };
60467BB03AF0F8D4B328878D /* file:MacSoul/Models/NetworkSnapshot.swift */ = { isa = PBXFileReference; lastKnownFileType = sourcecode.swift; path = "MacSoul/Models/NetworkSnapshot.swift"; sourceTree = SOURCE_ROOT; };
CA158F75E16F6536AF4E91D6 /* build:MacSoul/Models/NetworkSnapshot.swift */ = { isa = PBXBuildFile; fileRef = 60467BB03AF0F8D4B328878D; };
ACE86899D820E7E126351F87 /* file:MacSoul/Models/SensorHub.swift */ = { isa = PBXFileReference; lastKnownFileType = sourcecode.swift; path = "MacSoul/Models/SensorHub.swift"; sourceTree = SOURCE_ROOT; };
ED90F37307BE3686FA6A805D /* build:MacSoul/Models/SensorHub.swift */ = { isa = PBXBuildFile; fileRef = ACE86899D820E7E126351F87; };
4D71EFA63D7EF71ABCBDEE46 /* file:MacSoul/Models/ShellRunner.swift */ = { isa = PBXFileReference; lastKnownFileType = sourcecode.swift; path = "MacSoul/Models/ShellRunner.swift"; sourceTree = SOURCE_ROOT; };
612BE3787973B9990264E287 /* build:MacSoul/Models/ShellRunner.swift */ = { isa = PBXBuildFile; fileRef = 4D71EFA63D7EF71ABCBDEE46; };
732FBC60EF185A15012F828F /* file:MacSoul/Models/SoulEngine.swift */ = { isa = PBXFileReference; lastKnownFileType = sourcecode.swift; path = "MacSoul/Models/SoulEngine.swift"; sourceTree = SOURCE_ROOT; };
384E4402EF45B0823FCEDC07 /* build:MacSoul/Models/SoulEngine.swift */ = { isa = PBXBuildFile; fileRef = 732FBC60EF185A15012F828F; };
2ECB743371977D374599BA12 /* file:MacSoul/Models/SystemDetails.swift */ = { isa = PBXFileReference; lastKnownFileType = sourcecode.swift; path = "MacSoul/Models/SystemDetails.swift"; sourceTree = SOURCE_ROOT; };
5C8E80F00A2BDF3984ACF817 /* build:MacSoul/Models/SystemDetails.swift */ = { isa = PBXBuildFile; fileRef = 2ECB743371977D374599BA12; };
D6D44FB4EA9CEDD78ECA4A9F /* file:MacSoul/Models/SystemSensors.swift */ = { isa = PBXFileReference; lastKnownFileType = sourcecode.swift; path = "MacSoul/Models/SystemSensors.swift"; sourceTree = SOURCE_ROOT; };
0B5E73ED28F75F311C0C755E /* build:MacSoul/Models/SystemSensors.swift */ = { isa = PBXBuildFile; fileRef = D6D44FB4EA9CEDD78ECA4A9F; };
B5CB9D6D354A229F5BEC5E74 /* file:MacSoul/Theme/MacSoulTheme.swift */ = { isa = PBXFileReference; lastKnownFileType = sourcecode.swift; path = "MacSoul/Theme/MacSoulTheme.swift"; sourceTree = SOURCE_ROOT; };
70F8F6595721CD1990944D65 /* build:MacSoul/Theme/MacSoulTheme.swift */ = { isa = PBXBuildFile; fileRef = B5CB9D6D354A229F5BEC5E74; };
32FD3EDF4AACCDCA4768D2BF /* file:MacSoul/Views/AI/AICodingView.swift */ = { isa = PBXFileReference; lastKnownFileType = sourcecode.swift; path = "MacSoul/Views/AI/AICodingView.swift"; sourceTree = SOURCE_ROOT; };
4D9044D86186A5EE32B3EE6E /* build:MacSoul/Views/AI/AICodingView.swift */ = { isa = PBXBuildFile; fileRef = 32FD3EDF4AACCDCA4768D2BF; };
A339E3B872EE4EFC41385E87 /* file:MacSoul/Views/AppShellView.swift */ = { isa = PBXFileReference; lastKnownFileType = sourcecode.swift; path = "MacSoul/Views/AppShellView.swift"; sourceTree = SOURCE_ROOT; };
F630B43CB41C025F6B09EDFC /* build:MacSoul/Views/AppShellView.swift */ = { isa = PBXBuildFile; fileRef = A339E3B872EE4EFC41385E87; };
8598FCA158036F327BA3A0C5 /* file:MacSoul/Views/Cleaner/CleanerPresentation.swift */ = { isa = PBXFileReference; lastKnownFileType = sourcecode.swift; path = "MacSoul/Views/Cleaner/CleanerPresentation.swift"; sourceTree = SOURCE_ROOT; };
7503CB76C86A0FC6C63D7A4E /* build:MacSoul/Views/Cleaner/CleanerPresentation.swift */ = { isa = PBXBuildFile; fileRef = 8598FCA158036F327BA3A0C5; };
C9BDC6B1AD10995863F27E60 /* file:MacSoul/Views/Cleaner/CleanerPreviewView.swift */ = { isa = PBXFileReference; lastKnownFileType = sourcecode.swift; path = "MacSoul/Views/Cleaner/CleanerPreviewView.swift"; sourceTree = SOURCE_ROOT; };
0C514C71389E6BA075E371E3 /* build:MacSoul/Views/Cleaner/CleanerPreviewView.swift */ = { isa = PBXBuildFile; fileRef = C9BDC6B1AD10995863F27E60; };
6EDDED06A60114C1955D0517 /* file:MacSoul/Views/Cleaner/CleanerView.swift */ = { isa = PBXFileReference; lastKnownFileType = sourcecode.swift; path = "MacSoul/Views/Cleaner/CleanerView.swift"; sourceTree = SOURCE_ROOT; };
95B41AB6AC49D815EFA0B57C /* build:MacSoul/Views/Cleaner/CleanerView.swift */ = { isa = PBXBuildFile; fileRef = 6EDDED06A60114C1955D0517; };
D31597EAB74A2646D54F925B /* file:MacSoul/Views/Dev/DevView.swift */ = { isa = PBXFileReference; lastKnownFileType = sourcecode.swift; path = "MacSoul/Views/Dev/DevView.swift"; sourceTree = SOURCE_ROOT; };
1197E177B779660796D33E9B /* build:MacSoul/Views/Dev/DevView.swift */ = { isa = PBXBuildFile; fileRef = D31597EAB74A2646D54F925B; };
20390DB6A2F3727B458AEEB5 /* file:MacSoul/Views/Network/NetworkView.swift */ = { isa = PBXFileReference; lastKnownFileType = sourcecode.swift; path = "MacSoul/Views/Network/NetworkView.swift"; sourceTree = SOURCE_ROOT; };
0E17090354A4D3C5DD09872B /* build:MacSoul/Views/Network/NetworkView.swift */ = { isa = PBXBuildFile; fileRef = 20390DB6A2F3727B458AEEB5; };
571908BD76E6C713D4E54B95 /* file:MacSoul/Views/Overview/OverviewView.swift */ = { isa = PBXFileReference; lastKnownFileType = sourcecode.swift; path = "MacSoul/Views/Overview/OverviewView.swift"; sourceTree = SOURCE_ROOT; };
804A73586CE74A88814767A6 /* build:MacSoul/Views/Overview/OverviewView.swift */ = { isa = PBXBuildFile; fileRef = 571908BD76E6C713D4E54B95; };
A7DF87611DC79ADC2BF41604 /* file:MacSoul/Views/Settings/SettingsView.swift */ = { isa = PBXFileReference; lastKnownFileType = sourcecode.swift; path = "MacSoul/Views/Settings/SettingsView.swift"; sourceTree = SOURCE_ROOT; };
CB9D72833AE096F665578090 /* build:MacSoul/Views/Settings/SettingsView.swift */ = { isa = PBXBuildFile; fileRef = A7DF87611DC79ADC2BF41604; };
3763AED947FCEC8677A2037F /* file:MacSoul/Views/System/SystemView.swift */ = { isa = PBXFileReference; lastKnownFileType = sourcecode.swift; path = "MacSoul/Views/System/SystemView.swift"; sourceTree = SOURCE_ROOT; };
7C6FF18CB223CBE47348D1EB /* build:MacSoul/Views/System/SystemView.swift */ = { isa = PBXBuildFile; fileRef = 3763AED947FCEC8677A2037F; };
5DB7E9A9C6771FFAC7F6C18E /* file:MacSoulTests/CleanerDiscoveryTests.swift */ = { isa = PBXFileReference; lastKnownFileType = sourcecode.swift; path = "MacSoulTests/CleanerDiscoveryTests.swift"; sourceTree = SOURCE_ROOT; };
A13FD9BFFB0A521BC9A2BEAC /* build:MacSoulTests/CleanerDiscoveryTests.swift */ = { isa = PBXBuildFile; fileRef = 5DB7E9A9C6771FFAC7F6C18E; };
7FD17EB9EAFEF78D563B814D /* file:MacSoulTests/CleanerPreviewTests.swift */ = { isa = PBXFileReference; lastKnownFileType = sourcecode.swift; path = "MacSoulTests/CleanerPreviewTests.swift"; sourceTree = SOURCE_ROOT; };
F1201831058462832F450E58 /* build:MacSoulTests/CleanerPreviewTests.swift */ = { isa = PBXBuildFile; fileRef = 7FD17EB9EAFEF78D563B814D; };
2AA5A5CEAA22A93E203A97F8 /* file:MacSoulTests/CleanerTests.swift */ = { isa = PBXFileReference; lastKnownFileType = sourcecode.swift; path = "MacSoulTests/CleanerTests.swift"; sourceTree = SOURCE_ROOT; };
4A978E7914C930C38E0AF511 /* build:MacSoulTests/CleanerTests.swift */ = { isa = PBXBuildFile; fileRef = 2AA5A5CEAA22A93E203A97F8; };
1A7163A58637C6D0B7786BB1 /* file:MacSoulTests/DevEnvironmentTests.swift */ = { isa = PBXFileReference; lastKnownFileType = sourcecode.swift; path = "MacSoulTests/DevEnvironmentTests.swift"; sourceTree = SOURCE_ROOT; };
3BB7A5B83C06AF932013C56F /* build:MacSoulTests/DevEnvironmentTests.swift */ = { isa = PBXBuildFile; fileRef = 1A7163A58637C6D0B7786BB1; };
386ED29DACA4E64BF4C31C07 /* file:MacSoulTests/MavenCleanerTests.swift */ = { isa = PBXFileReference; lastKnownFileType = sourcecode.swift; path = "MacSoulTests/MavenCleanerTests.swift"; sourceTree = SOURCE_ROOT; };
BD042ED893D02F002868FE49 /* build:MacSoulTests/MavenCleanerTests.swift */ = { isa = PBXBuildFile; fileRef = 386ED29DACA4E64BF4C31C07; };
414CFFC2FBAAE29DEFBDE549 /* file:MacSoulTests/NetworkTests.swift */ = { isa = PBXFileReference; lastKnownFileType = sourcecode.swift; path = "MacSoulTests/NetworkTests.swift"; sourceTree = SOURCE_ROOT; };
AF4ED23B14F95CADE58091E2 /* build:MacSoulTests/NetworkTests.swift */ = { isa = PBXBuildFile; fileRef = 414CFFC2FBAAE29DEFBDE549; };
F6A18C05B5EB5268355DC4F4 /* file:MacSoulTests/QuotaTests.swift */ = { isa = PBXFileReference; lastKnownFileType = sourcecode.swift; path = "MacSoulTests/QuotaTests.swift"; sourceTree = SOURCE_ROOT; };
1550D6EEE5888021F897BB88 /* build:MacSoulTests/QuotaTests.swift */ = { isa = PBXBuildFile; fileRef = F6A18C05B5EB5268355DC4F4; };
CE87559C081A623212FA6FAA /* file:MacSoulTests/SystemDetailsTests.swift */ = { isa = PBXFileReference; lastKnownFileType = sourcecode.swift; path = "MacSoulTests/SystemDetailsTests.swift"; sourceTree = SOURCE_ROOT; };
03A2F79E05D25CBBA6B6EBF3 /* build:MacSoulTests/SystemDetailsTests.swift */ = { isa = PBXBuildFile; fileRef = CE87559C081A623212FA6FAA; };
D0E9906F5243CA7F12A9B6B1 /* file:MacSoulTests/SystemSoulTests.swift */ = { isa = PBXFileReference; lastKnownFileType = sourcecode.swift; path = "MacSoulTests/SystemSoulTests.swift"; sourceTree = SOURCE_ROOT; };
242890267685DB35238B9570 /* build:MacSoulTests/SystemSoulTests.swift */ = { isa = PBXBuildFile; fileRef = D0E9906F5243CA7F12A9B6B1; };
8DD9B067816361B488360952 /* file:MacSoul/Resources/MacSoulBrand.xcassets */ = { isa = PBXFileReference; lastKnownFileType = folder.assetcatalog; path = "MacSoul/Resources/MacSoulBrand.xcassets"; sourceTree = SOURCE_ROOT; };
42C2C017E4A15A4BAE377DEA /* build:MacSoul/Resources/MacSoulBrand.xcassets */ = { isa = PBXBuildFile; fileRef = 8DD9B067816361B488360952; };
B42BB0B860BBE2301B756009 /* file:MacSoul/Resources/MacSoulCleaner.xcassets */ = { isa = PBXFileReference; lastKnownFileType = folder.assetcatalog; path = "MacSoul/Resources/MacSoulCleaner.xcassets"; sourceTree = SOURCE_ROOT; };
898678766F42AD3C2552318A /* build:MacSoul/Resources/MacSoulCleaner.xcassets */ = { isa = PBXBuildFile; fileRef = B42BB0B860BBE2301B756009; };
E1C5E9CED7972CE68E551C83 /* file:MacSoul/Resources/ThirdPartyNotices.txt */ = { isa = PBXFileReference; lastKnownFileType = text; path = "MacSoul/Resources/ThirdPartyNotices.txt"; sourceTree = SOURCE_ROOT; };
A75DB2985B88240CE831023F /* build:MacSoul/Resources/ThirdPartyNotices.txt */ = { isa = PBXBuildFile; fileRef = E1C5E9CED7972CE68E551C83; };
CBFCB2201142061685CE7ED8 /* file:MacSoul/Resources/PrivacyInfo.xcprivacy */ = { isa = PBXFileReference; lastKnownFileType = text.xml; path = "MacSoul/Resources/PrivacyInfo.xcprivacy"; sourceTree = SOURCE_ROOT; };
D4801686312723D3A672B622 /* build:MacSoul/Resources/PrivacyInfo.xcprivacy */ = { isa = PBXBuildFile; fileRef = CBFCB2201142061685CE7ED8; };
F8FFF9936B40F899999F3482 /* group:MacSoul */ = { isa = PBXGroup; children = (6AFB77BDD11D1295B20A5C4C, D8B762B76049F98E09249878, B5F299E172CDEA2F387550C5, 971C5698BB030EA303EB7D9B, 0C59DE31E9D1051306B9A4D6, DAA52F53D23EA8B4EF2CCB4E, C5B86CD9974A8EB8B1F38CF6, 50E11A9C2C6E68458B389F46, 399FDAFD0DFBF41DAE8AA0AC, 3CA39E53A273C5CCCE1C0E0A, C8EDE1509B6AC784669751F3, D2E480F17631E9D356EF2FC4, 163331A784D83E316B25E098, 949D51A47C3927EC157D6C83, 6671DF0E9A1367726666EA5D, 60EBD5B2B11BAC59DAB06BD2, 589E233C6E8A5C25E92320B9, A168173A026A91B94ABE21D1, 60467BB03AF0F8D4B328878D, ACE86899D820E7E126351F87, 4D71EFA63D7EF71ABCBDEE46, 732FBC60EF185A15012F828F, 2ECB743371977D374599BA12, D6D44FB4EA9CEDD78ECA4A9F, B5CB9D6D354A229F5BEC5E74, 32FD3EDF4AACCDCA4768D2BF, A339E3B872EE4EFC41385E87, 8598FCA158036F327BA3A0C5, C9BDC6B1AD10995863F27E60, 6EDDED06A60114C1955D0517, D31597EAB74A2646D54F925B, 20390DB6A2F3727B458AEEB5, 571908BD76E6C713D4E54B95, A7DF87611DC79ADC2BF41604, 3763AED947FCEC8677A2037F, 8DD9B067816361B488360952, B42BB0B860BBE2301B756009, E1C5E9CED7972CE68E551C83, CBFCB2201142061685CE7ED8,); path = MacSoul; sourceTree = "<group>"; };
1C2FA1136E68CAD0CBAEF87F /* group:MacSoulTests */ = { isa = PBXGroup; children = (5DB7E9A9C6771FFAC7F6C18E, 7FD17EB9EAFEF78D563B814D, 2AA5A5CEAA22A93E203A97F8, 1A7163A58637C6D0B7786BB1, 386ED29DACA4E64BF4C31C07, 414CFFC2FBAAE29DEFBDE549, F6A18C05B5EB5268355DC4F4, CE87559C081A623212FA6FAA, D0E9906F5243CA7F12A9B6B1,); path = MacSoulTests; sourceTree = "<group>"; };
DF891E785808226D241F246E /* group:root */ = { isa = PBXGroup; children = (F8FFF9936B40F899999F3482, 1C2FA1136E68CAD0CBAEF87F, B6CDB6E5D160E013280D3C68, E02A90D9643568EA39115CFB,); sourceTree = "<group>"; };
B6CDB6E5D160E013280D3C68 /* product:app */ = { isa = PBXFileReference; explicitFileType = wrapper.application; path = MacSoul.app; sourceTree = BUILT_PRODUCTS_DIR; };
E02A90D9643568EA39115CFB /* product:tests */ = { isa = PBXFileReference; explicitFileType = wrapper.cfbundle; path = MacSoulTests.xctest; sourceTree = BUILT_PRODUCTS_DIR; };
E28FAD8F60ECDED9B4AD087A /* phase:app:resources */ = { isa = PBXResourcesBuildPhase; buildActionMask = 2147483647; files = (42C2C017E4A15A4BAE377DEA, 898678766F42AD3C2552318A, A75DB2985B88240CE831023F, D4801686312723D3A672B622,); runOnlyForDeploymentPostprocessing = 0; };
3F6CFF29472964743DE82660 /* phase:app */ = { isa = PBXSourcesBuildPhase; buildActionMask = 2147483647; files = (00282785C33B70948140B448, DAB8DCCED68B6725DA659A7C, C597788F431E31B7409FA417, 8A18F931BA67020D658CD854, 6A9C21A0B3171C96A3175285, 2AF446E562DAC1E0A7A0B259, E3EA604D61AF7B3C218DB820, 4613F21D0754702F9823D98F, 6B28799454ACEDCB167954D4, A97AD6DAC4471A6D5CAB82B4, 6A6B33DF96D54EDF00028241, F7932C3D97983E6E4E9D240E, D340B5741ACDCB920349F8B6, 0D79D4A41005C896C97736C8, 27370AE862E0BC887B3FB46D, 04FAC6AD7D514CBA1834948A, 7752DE76F898CC27324DE07E, 2065724B768A9FF78599DEB9, CA158F75E16F6536AF4E91D6, ED90F37307BE3686FA6A805D, 612BE3787973B9990264E287, 384E4402EF45B0823FCEDC07, 5C8E80F00A2BDF3984ACF817, 0B5E73ED28F75F311C0C755E, 70F8F6595721CD1990944D65, 4D9044D86186A5EE32B3EE6E, F630B43CB41C025F6B09EDFC, 7503CB76C86A0FC6C63D7A4E, 0C514C71389E6BA075E371E3, 95B41AB6AC49D815EFA0B57C, 1197E177B779660796D33E9B, 0E17090354A4D3C5DD09872B, 804A73586CE74A88814767A6, CB9D72833AE096F665578090, 7C6FF18CB223CBE47348D1EB,); runOnlyForDeploymentPostprocessing = 0; };
54B7D7E629816684B596900C /* phase:tests */ = { isa = PBXSourcesBuildPhase; buildActionMask = 2147483647; files = (A13FD9BFFB0A521BC9A2BEAC, F1201831058462832F450E58, 4A978E7914C930C38E0AF511, 3BB7A5B83C06AF932013C56F, BD042ED893D02F002868FE49, AF4ED23B14F95CADE58091E2, 1550D6EEE5888021F897BB88, 03A2F79E05D25CBBA6B6EBF3, 242890267685DB35238B9570,); runOnlyForDeploymentPostprocessing = 0; };
D36D33020B6BB89396BD1B34 /* proxy:app */ = { isa = PBXContainerItemProxy; containerPortal = 98F54143AB4E86B28C3AFEE0; proxyType = 1; remoteGlobalIDString = 29C7B681C8D62CBAC94D51C0; remoteInfo = MacSoul; };
D2F9C6ACC3CFD758A2AF1D96 /* dependency:app */ = { isa = PBXTargetDependency; target = 29C7B681C8D62CBAC94D51C0; targetProxy = D36D33020B6BB89396BD1B34; };
29C7B681C8D62CBAC94D51C0 /* target:app */ = { isa = PBXNativeTarget; buildConfigurationList = 9EA62D25DFD1EFBA21F6DE7B; buildPhases = (3F6CFF29472964743DE82660, E28FAD8F60ECDED9B4AD087A,); buildRules = (); dependencies = (); name = MacSoul; productName = MacSoul; productReference = B6CDB6E5D160E013280D3C68; productType = "com.apple.product-type.application"; };
7EC8F98B7A265120217712DE /* target:tests */ = { isa = PBXNativeTarget; buildConfigurationList = 0AD37307DFDAE852A779B369; buildPhases = (54B7D7E629816684B596900C,); buildRules = (); dependencies = (D2F9C6ACC3CFD758A2AF1D96,); name = MacSoulTests; productName = MacSoulTests; productReference = E02A90D9643568EA39115CFB; productType = "com.apple.product-type.bundle.unit-test"; };
3CF6A4F2E05B3AAE7E2CBFEE /* config:app:Debug */ = { isa = XCBuildConfiguration; buildSettings = { MACOSX_DEPLOYMENT_TARGET = 13.0; SWIFT_VERSION = 5.0; SDKROOT = macosx; CODE_SIGNING_ALLOWED = NO; GENERATE_INFOPLIST_FILE = YES; PRODUCT_BUNDLE_IDENTIFIER = local.macsoul.app; INFOPLIST_KEY_LSApplicationCategoryType = "public.app-category.developer-tools"; ASSETCATALOG_COMPILER_APPICON_NAME = MacSoulAppIcon; SWIFT_ACTIVE_COMPILATION_CONDITIONS = DEBUG; PRODUCT_NAME = "$(TARGET_NAME)"; ENABLE_TESTABILITY = YES; SWIFT_OPTIMIZATION_LEVEL = -Onone; }; name = Debug; };
23FB2CAEB38545C3793097DD /* config:app:Release */ = { isa = XCBuildConfiguration; buildSettings = { MACOSX_DEPLOYMENT_TARGET = 13.0; SWIFT_VERSION = 5.0; SDKROOT = macosx; CODE_SIGNING_ALLOWED = NO; GENERATE_INFOPLIST_FILE = YES; PRODUCT_BUNDLE_IDENTIFIER = local.macsoul.app; INFOPLIST_KEY_LSApplicationCategoryType = "public.app-category.developer-tools"; ASSETCATALOG_COMPILER_APPICON_NAME = MacSoulAppIcon;  PRODUCT_NAME = "$(TARGET_NAME)"; ENABLE_TESTABILITY = YES; SWIFT_OPTIMIZATION_LEVEL = -O; }; name = Release; };
9EA62D25DFD1EFBA21F6DE7B /* configs:app */ = { isa = XCConfigurationList; buildConfigurations = (3CF6A4F2E05B3AAE7E2CBFEE, 23FB2CAEB38545C3793097DD,); defaultConfigurationIsVisible = 0; defaultConfigurationName = Debug; };
E2657B9FA91DD4A55652006F /* config:tests:Debug */ = { isa = XCBuildConfiguration; buildSettings = { MACOSX_DEPLOYMENT_TARGET = 13.0; SWIFT_VERSION = 5.0; SDKROOT = macosx; CODE_SIGNING_ALLOWED = NO; GENERATE_INFOPLIST_FILE = YES; PRODUCT_BUNDLE_IDENTIFIER = local.macsoul.tests; TEST_HOST = "$(BUILT_PRODUCTS_DIR)/MacSoul.app/Contents/MacOS/MacSoul"; BUNDLE_LOADER = "$(TEST_HOST)"; SWIFT_ACTIVE_COMPILATION_CONDITIONS = DEBUG; PRODUCT_NAME = "$(TARGET_NAME)"; ENABLE_TESTABILITY = YES; SWIFT_OPTIMIZATION_LEVEL = -Onone; }; name = Debug; };
B4343C19535B18410503AED7 /* config:tests:Release */ = { isa = XCBuildConfiguration; buildSettings = { MACOSX_DEPLOYMENT_TARGET = 13.0; SWIFT_VERSION = 5.0; SDKROOT = macosx; CODE_SIGNING_ALLOWED = NO; GENERATE_INFOPLIST_FILE = YES; PRODUCT_BUNDLE_IDENTIFIER = local.macsoul.tests; TEST_HOST = "$(BUILT_PRODUCTS_DIR)/MacSoul.app/Contents/MacOS/MacSoul"; BUNDLE_LOADER = "$(TEST_HOST)";  PRODUCT_NAME = "$(TARGET_NAME)"; ENABLE_TESTABILITY = YES; SWIFT_OPTIMIZATION_LEVEL = -O; }; name = Release; };
0AD37307DFDAE852A779B369 /* configs:tests */ = { isa = XCConfigurationList; buildConfigurations = (E2657B9FA91DD4A55652006F, B4343C19535B18410503AED7,); defaultConfigurationIsVisible = 0; defaultConfigurationName = Debug; };
877A6BA951A2EA0025A2ABE8 /* config:project:Debug */ = { isa = XCBuildConfiguration; buildSettings = { MACOSX_DEPLOYMENT_TARGET = 13.0; SWIFT_VERSION = 5.0; }; name = Debug; };
959134B361DD7E21ADEA3164 /* config:project:Release */ = { isa = XCBuildConfiguration; buildSettings = { MACOSX_DEPLOYMENT_TARGET = 13.0; SWIFT_VERSION = 5.0; }; name = Release; };
247BF104A9AD002C539DA531 /* configs:project */ = { isa = XCConfigurationList; buildConfigurations = (877A6BA951A2EA0025A2ABE8, 959134B361DD7E21ADEA3164,); defaultConfigurationIsVisible = 0; defaultConfigurationName = Debug; };
98F54143AB4E86B28C3AFEE0 /* project */ = { isa = PBXProject; attributes = { LastUpgradeCheck = 2700; TargetAttributes = { 29C7B681C8D62CBAC94D51C0 = { CreatedOnToolsVersion = 27.0; }; 7EC8F98B7A265120217712DE = { CreatedOnToolsVersion = 27.0; TestTargetID = 29C7B681C8D62CBAC94D51C0; }; }; }; buildConfigurationList = 247BF104A9AD002C539DA531; compatibilityVersion = "Xcode 15.0"; developmentRegion = en; hasScannedForEncodings = 0; knownRegions = (en, Base); mainGroup = DF891E785808226D241F246E; productRefGroup = DF891E785808226D241F246E; projectDirPath = ""; projectRoot = ""; targets = (29C7B681C8D62CBAC94D51C0, 7EC8F98B7A265120217712DE,); };
}; rootObject = 98F54143AB4E86B28C3AFEE0; }
